
Microsoft Visual Studio Solution File, Format Version 12.00
# Visual Studio Version 17
VisualStudioVersion = 17.3.32929.385
MinimumVisualStudioVersion = 10.0.40219.1
Project("{FAE04EC0-301F-11D3-BF4B-00C04F79EFBC}") = "TicTikToe", "TicTikToe.csproj", "{F1AA3E57-9274-4496-B46F-E91325F307F0}"
EndProject
Global
	GlobalSection(SolutionConfigurationPlatforms) = preSolution
		Debug|Any CPU = Debug|Any CPU
		Release|Any CPU = Release|Any CPU
	EndGlobalSection
	GlobalSection(ProjectConfigurationPlatforms) = postSolution
		{F1AA3E57-9274-4496-B46F-E91325F307F0}.Debug|Any CPU.ActiveCfg = Debug|Any CPU
		{F1AA3E57-9274-4496-B46F-E91325F307F0}.Debug|Any CPU.Build.0 = Debug|Any CPU
		{F1AA3E57-9274-4496-B46F-E91325F307F0}.Release|Any CPU.ActiveCfg = Release|Any CPU
		{F1AA3E57-9274-4496-B46F-E91325F307F0}.Release|Any CPU.Build.0 = Release|Any CPU
	EndGlobalSection
	GlobalSection(SolutionProperties) = preSolution
		HideSolutionNode = FALSE
	EndGlobalSection
	GlobalSection(ExtensibilityGlobals) = postSolution
		SolutionGuid = {E4D99B2C-745A-478E-ABD4-38901B63FF38}
	EndGlobalSection
EndGlobal
